
Microsoft Visual Studio Solution File, Format Version 12.00
# Visual Studio Version 17
VisualStudioVersion = 17.8.34525.116
MinimumVisualStudioVersion = 10.0.40219.1
Project("{FAE04EC0-301F-11D3-BF4B-00C04F79EFBC}") = "ValidatedSpectraWebsite", "ValidatedSpectraWebsite\ValidatedSpectraWebsite.csproj", "{A32C69FF-4874-4AA1-9EF3-C4F3643F0E5D}"
EndProject
Global
	GlobalSection(SolutionConfigurationPlatforms) = preSolution
		Debug|Any CPU = Debug|Any CPU
		Release|Any CPU = Release|Any CPU
	EndGlobalSection
	GlobalSection(ProjectConfigurationPlatforms) = postSolution
		{A32C69FF-4874-4AA1-9EF3-C4F3643F0E5D}.Debug|Any CPU.ActiveCfg = Debug|Any CPU
		{A32C69FF-4874-4AA1-9EF3-C4F3643F0E5D}.Debug|Any CPU.Build.0 = Debug|Any CPU
		{A32C69FF-4874-4AA1-9EF3-C4F3643F0E5D}.Release|Any CPU.ActiveCfg = Release|Any CPU
		{A32C69FF-4874-4AA1-9EF3-C4F3643F0E5D}.Release|Any CPU.Build.0 = Release|Any CPU
	EndGlobalSection
	GlobalSection(SolutionProperties) = preSolution
		HideSolutionNode = FALSE
	EndGlobalSection
	GlobalSection(ExtensibilityGlobals) = postSolution
		SolutionGuid = {3680734D-83A3-46D4-8E33-912535AB4C3A}
	EndGlobalSection
EndGlobal
